
Microsoft Visual Studio Solution File, Format Version 12.00
# Visual Studio Version 16
VisualStudioVersion = 16.0.30320.27
MinimumVisualStudioVersion = 10.0.40219.1
Project("{FAE04EC0-301F-11D3-BF4B-00C04F79EFBC}") = "DOMZ3", "DOMZ3.csproj", "{CFFDB38D-784A-4FB3-AE9C-EED111BAA4A8}"
EndProject
Global
	GlobalSection(SolutionConfigurationPlatforms) = preSolution
		Debug|Any CPU = Debug|Any CPU
		Release|Any CPU = Release|Any CPU
	EndGlobalSection
	GlobalSection(ProjectConfigurationPlatforms) = postSolution
		{CFFDB38D-784A-4FB3-AE9C-EED111BAA4A8}.Debug|Any CPU.ActiveCfg = Debug|Any CPU
		{CFFDB38D-784A-4FB3-AE9C-EED111BAA4A8}.Debug|Any CPU.Build.0 = Debug|Any CPU
		{CFFDB38D-784A-4FB3-AE9C-EED111BAA4A8}.Release|Any CPU.ActiveCfg = Release|Any CPU
		{CFFDB38D-784A-4FB3-AE9C-EED111BAA4A8}.Release|Any CPU.Build.0 = Release|Any CPU
	EndGlobalSection
	GlobalSection(SolutionProperties) = preSolution
		HideSolutionNode = FALSE
	EndGlobalSection
	GlobalSection(ExtensibilityGlobals) = postSolution
		SolutionGuid = {CDD926BA-E485-4530-B2F8-8E1354612EF7}
	EndGlobalSection
EndGlobal
